
Microsoft Visual Studio Solution File, Format Version 12.00
# Visual Studio Version 17
VisualStudioVersion = 17.7.34024.191
MinimumVisualStudioVersion = 10.0.40219.1
Project("{FAE04EC0-301F-11D3-BF4B-00C04F79EFBC}") = "BardSharp.CLI", "BardSharp.CLI\BardSharp.CLI.csproj", "{AD7B70AB-9132-4678-ABC7-BF4E5B7178EA}"
EndProject
Global
	GlobalSection(SolutionConfigurationPlatforms) = preSolution
		Debug|Any CPU = Debug|Any CPU
		Release|Any CPU = Release|Any CPU
	EndGlobalSection
	GlobalSection(ProjectConfigurationPlatforms) = postSolution
		{AD7B70AB-9132-4678-ABC7-BF4E5B7178EA}.Debug|Any CPU.ActiveCfg = Debug|Any CPU
		{AD7B70AB-9132-4678-ABC7-BF4E5B7178EA}.Debug|Any CPU.Build.0 = Debug|Any CPU
		{AD7B70AB-9132-4678-ABC7-BF4E5B7178EA}.Release|Any CPU.ActiveCfg = Release|Any CPU
		{AD7B70AB-9132-4678-ABC7-BF4E5B7178EA}.Release|Any CPU.Build.0 = Release|Any CPU
	EndGlobalSection
	GlobalSection(SolutionProperties) = preSolution
		HideSolutionNode = FALSE
	EndGlobalSection
	GlobalSection(ExtensibilityGlobals) = postSolution
		SolutionGuid = {EF4C8381-326E-488F-A573-09588B6B59DE}
	EndGlobalSection
EndGlobal
